
Microsoft Visual Studio Solution File, Format Version 12.00
# Visual Studio Version 17
VisualStudioVersion = 17.11.35208.52
MinimumVisualStudioVersion = 10.0.40219.1
Project("{FAE04EC0-301F-11D3-BF4B-00C04F79EFBC}") = "FirmaElectronicaPDF", "FirmaElectronicaPDF\FirmaElectronicaPDF.csproj", "{461A0716-BED4-49F7-BA77-F84373ACFFC9}"
EndProject
Global
	GlobalSection(SolutionConfigurationPlatforms) = preSolution
		Debug|Any CPU = Debug|Any CPU
		Release|Any CPU = Release|Any CPU
	EndGlobalSection
	GlobalSection(ProjectConfigurationPlatforms) = postSolution
		{461A0716-BED4-49F7-BA77-F84373ACFFC9}.Debug|Any CPU.ActiveCfg = Debug|Any CPU
		{461A0716-BED4-49F7-BA77-F84373ACFFC9}.Debug|Any CPU.Build.0 = Debug|Any CPU
		{461A0716-BED4-49F7-BA77-F84373ACFFC9}.Release|Any CPU.ActiveCfg = Release|Any CPU
		{461A0716-BED4-49F7-BA77-F84373ACFFC9}.Release|Any CPU.Build.0 = Release|Any CPU
	EndGlobalSection
	GlobalSection(SolutionProperties) = preSolution
		HideSolutionNode = FALSE
	EndGlobalSection
	GlobalSection(ExtensibilityGlobals) = postSolution
		SolutionGuid = {096446AC-5C62-453E-94CE-8C6113B9EA02}
	EndGlobalSection
EndGlobal
